
Microsoft Visual Studio Solution File, Format Version 12.00
# Visual Studio Version 16
VisualStudioVersion = 25.0.1705.6
MinimumVisualStudioVersion = 10.0.40219.1
Project("{FAE04EC0-301F-11D3-BF4B-00C04F79EFBC}") = "Sajan.OpenAI", "Sajan.OpenAI.csproj", "{5FCF778A-479F-47B7-B4E0-61E5BDDF3325}"
EndProject
Global
	GlobalSection(SolutionConfigurationPlatforms) = preSolution
		Debug|Any CPU = Debug|Any CPU
		Release|Any CPU = Release|Any CPU
	EndGlobalSection
	GlobalSection(ProjectConfigurationPlatforms) = postSolution
		{5FCF778A-479F-47B7-B4E0-61E5BDDF3325}.Debug|Any CPU.ActiveCfg = Debug|Any CPU
		{5FCF778A-479F-47B7-B4E0-61E5BDDF3325}.Debug|Any CPU.Build.0 = Debug|Any CPU
		{5FCF778A-479F-47B7-B4E0-61E5BDDF3325}.Release|Any CPU.ActiveCfg = Release|Any CPU
		{5FCF778A-479F-47B7-B4E0-61E5BDDF3325}.Release|Any CPU.Build.0 = Release|Any CPU
	EndGlobalSection
	GlobalSection(SolutionProperties) = preSolution
		HideSolutionNode = FALSE
	EndGlobalSection
	GlobalSection(ExtensibilityGlobals) = postSolution
		SolutionGuid = {D121C124-2D04-463A-B4DD-33C64D4C7180}
	EndGlobalSection
EndGlobal
